dependencies:
  espressif/esp_tinyusb:
    component_hash: 5014eb7e3d2043d13d553e1dc60bf3aa31eb03449868fac775097eed6e66ba57
    source:
      service_url: https://api.components.espressif.com/
      type: service
    version: 1.1.0
  espressif/tinyusb:
    component_hash: 820a2eef39c7ff0b810e859efd7035a4e5b9b44e77c49020a50ef0668fc941ae
    source:
      service_url: https://api.components.espressif.com/
      type: service
    version: 0.14.2
  idf:
    component_hash: null
    source:
      type: idf
    version: 5.0.0
manifest_hash: b571e36c587126b68f2fda25540bfc899a40acee944eea4aec687998f459820c
target: esp32s3
version: 1.0.0
