dependencies:
  espressif/esp_tinyusb:
    component_hash: 4fa75cb0739eddaf6aca1b57c4796387062f82eeb08435540792438beeb3316c
    source:
      service_url: https://api.components.espressif.com/
      type: service
    version: 0.0.1
  idf:
    component_hash: null
    source:
      type: idf
    version: 5.0.0
manifest_hash: b62531f69aa2828087cee79ab3777e413959cee204f9e974e9b49a3517f7f423
target: esp32s3
version: 1.0.0
